
Microsoft Visual Studio Solution File, Format Version 12.00
# Visual Studio 15
VisualStudioVersion = 15.0.27130.2024
MinimumVisualStudioVersion = 10.0.40219.1
Project( " {8BC9CEB8-8B4A-11D0-8D11-00A0C91BC942} ")   = "AcDb", "AcDb\Ac_Db.vcxproj", "{E9B74EB8-3F2A-4CD8-9EE3-2DD1C0D49CC2}"
EndProject
Project( "{8BC9CEB8-8B4A-11D0-8D11-00A0C91BC942}") = "AcDdDmt", "AcDdDmt\AcDdDmt.vcxproj", "{EAF01B52-4AAA-4590-ADA3-85A10F817A4A}"
EndProject
Project("{8BC9CEB8-8B4A-11D0-8D11-00A0C91BC942}") = "AcCdCmt", "AcCdCmt\AcCdCmt.vcxproj", "{F7390303-12C1-46E9-83A7-CCA55A8073AC}"
EndProject
Project("{8BC9CEB8-8B4A-11D0-8D11-00A0C91BC942}") = "AcBdBom", "AcBdBom\ACBdBom.vcxproj", "{65B3D4CE-E8F4-4A38-9558-3246EBA94967}"
EndProject
Project("{8BC9CEB8-8B4A-11D0-8D11-00A0C91BC942}") = "AcConsisChk", "AcConsisChk\AcConsisChk.vcxproj", "{6491F80A-ADA5-408B-BFA1-7BC133E8E7C7}"
EndProject
Project("{8BC9CEB8-8B4A-11D0-8D11-00A0C91BC942}") = "AcEdit", "AcEdit\AcEdit.vcxproj", "{D4DA95B0-822E-461A-9D9E-87E4C2D0C78B}"
EndProject
Project("{8BC9CEB8-8B4A-11D0-8D11-00A0C91BC942}") = "AcUi", "AcUi\AcUi.vcxproj", "{1CCBB729-8536-4CD5-BC73-A487BD6F3454}"
EndProject
Project("{8BC9CEB8-8B4A-11D0-8D11-00A0C91BC942}") = "AcDbDoc", "AcDbDoc\AcDbDoc.vcxproj", "{AB9D85B1-25AF-4919-AE61-BFBF64F4DBFB}"
EndProject 
Global
	GlobalSection(Performance) = preSolution
		HasPerformanceSessions = true
	EndGlobalSection
	GlobalSection(SolutionConfigurationPlatforms) = preSolution
		Debug|Any CPU = Debug|Any CPU
		Debug|Win32 = Debug|Win32
		DebugSL|Any CPU = DebugSL|Any CPU
		DebugSL|Win32 = DebugSL|Win32
		Release|Any CPU = Release|Any CPU
		Release|Win32 = Release|Win32
		Release2|Any CPU = Release2|Any CPU
		Release2|Win32 = Release2|Win32
		ReleaseSL|Any CPU = ReleaseSL|Any CPU
		ReleaseSL|Win32 = ReleaseSL|Win32
		U_Debug|Any CPU = U_Debug|Any CPU
		U_Debug|Win32 = U_Debug|Win32
		U_Release|Any CPU = U_Release|Any CPU
		U_Release|Win32 = U_Release|Win32
		UNICODE_Debug|Any CPU = UNICODE_Debug|Any CPU
		UNICODE_Debug|Win32 = UNICODE_Debug|Win32
		UNICODE_DebugSL|Any CPU = UNICODE_DebugSL|Any CPU
		UNICODE_DebugSL|Win32 = UNICODE_DebugSL|Win32
		UNICODE_Release|Any CPU = UNICODE_Release|Any CPU
		UNICODE_Release|Win32 = UNICODE_Release|Win32
		UNICODE_Release2|Any CPU = UNICODE_Release2|Any CPU
		UNICODE_Release2|Win32 = UNICODE_Release2|Win32
		UNICODE_ReleaseSL|Any CPU = UNICODE_ReleaseSL|Any CPU
		UNICODE_ReleaseSL|Win32 = UNICODE_ReleaseSL|Win32
		UNIODE_Release|Any CPU = UNIODE_Release|Any CPU
		UNIODE_Release|Win32 = UNIODE_Release|Win32
	EndGlobalSection
	GlobalSection(ProjectConfigurationPlatforms) = postSolution
		{E9B74EB8-3F2A-4CD8-9EE3-2DD1C0D49CC2}.Debug|Any CPU.ActiveCfg = Debug|Win32
		{E9B74EB8-3F2A-4CD8-9EE3-2DD1C0D49CC2}.Debug|Win32.ActiveCfg = Debug|Win32
		{E9B74EB8-3F2A-4CD8-9EE3-2DD1C0D49CC2}.Debug|Win32.Build.0 = Debug|Win32
		{E9B74EB8-3F2A-4CD8-9EE3-2DD1C0D49CC2}.DebugSL|Any CPU.ActiveCfg = UNICODE_Release|Win32
		{E9B74EB8-3F2A-4CD8-9EE3-2DD1C0D49CC2}.DebugSL|Any CPU.Build.0 = UNICODE_Release|Win32
		{E9B74EB8-3F2A-4CD8-9EE3-2DD1C0D49CC2}.DebugSL|Win32.ActiveCfg = Debug|Win32
		{E9B74EB8-3F2A-4CD8-9EE3-2DD1C0D49CC2}.DebugSL|Win32.Build.0 = Debug|Win32
		{E9B74EB8-3F2A-4CD8-9EE3-2DD1C0D49CC2}.Release|Any CPU.ActiveCfg = Release|Win32
		{E9B74EB8-3F2A-4CD8-9EE3-2DD1C0D49CC2}.Release|Win32.ActiveCfg = Release|Win32
		{E9B74EB8-3F2A-4CD8-9EE3-2DD1C0D49CC2}.Release|Win32.Build.0 = Release|Win32
		{E9B74EB8-3F2A-4CD8-9EE3-2DD1C0D49CC2}.Release2|Any CPU.ActiveCfg = UNICODE_Release|Win32
		{E9B74EB8-3F2A-4CD8-9EE3-2DD1C0D49CC2}.Release2|Any CPU.Build.0 = UNICODE_Release|Win32
		{E9B74EB8-3F2A-4CD8-9EE3-2DD1C0D49CC2}.Release2|Win32.ActiveCfg = Release|Win32
		{E9B74EB8-3F2A-4CD8-9EE3-2DD1C0D49CC2}.Release2|Win32.Build.0 = Release|Win32
		{E9B74EB8-3F2A-4CD8-9EE3-2DD1C0D49CC2}.ReleaseSL|Any CPU.ActiveCfg = UNICODE_Release|Win32
		{E9B74EB8-3F2A-4CD8-9EE3-2DD1C0D49CC2}.ReleaseSL|Any CPU.Build.0 = UNICODE_Release|Win32
		{E9B74EB8-3F2A-4CD8-9EE3-2DD1C0D49CC2}.ReleaseSL|Win32.ActiveCfg = Release|Win32
		{E9B74EB8-3F2A-4CD8-9EE3-2DD1C0D49CC2}.ReleaseSL|Win32.Build.0 = Release|Win32
		{E9B74EB8-3F2A-4CD8-9EE3-2DD1C0D49CC2}.U_Debug|Any CPU.ActiveCfg = UNICODE_Release|Win32
		{E9B74EB8-3F2A-4CD8-9EE3-2DD1C0D49CC2}.U_Debug|Any CPU.Build.0 = UNICODE_Release|Win32
		{E9B74EB8-3F2A-4CD8-9EE3-2DD1C0D49CC2}.U_Debug|Win32.ActiveCfg = Debug|Win32
		{E9B74EB8-3F2A-4CD8-9EE3-2DD1C0D49CC2}.U_Debug|Win32.Build.0 = Debug|Win32
		{E9B74EB8-3F2A-4CD8-9EE3-2DD1C0D49CC2}.U_Release|Any CPU.ActiveCfg = UNICODE_Release|Win32
		{E9B74EB8-3F2A-4CD8-9EE3-2DD1C0D49CC2}.U_Release|Any CPU.Build.0 = UNICODE_Release|Win32
		{E9B74EB8-3F2A-4CD8-9EE3-2DD1C0D49CC2}.U_Release|Win32.ActiveCfg = Release|Win32
		{E9B74EB8-3F2A-4CD8-9EE3-2DD1C0D49CC2}.U_Release|Win32.Build.0 = Release|Win32
		{E9B74EB8-3F2A-4CD8-9EE3-2DD1C0D49CC2}.UNICODE_Debug|Any CPU.ActiveCfg = UNICODE_Debug|Win32
		{E9B74EB8-3F2A-4CD8-9EE3-2DD1C0D49CC2}.UNICODE_Debug|Win32.ActiveCfg = UNICODE_Debug|Win32
		{E9B74EB8-3F2A-4CD8-9EE3-2DD1C0D49CC2}.UNICODE_Debug|Win32.Build.0 = UNICODE_Debug|Win32
		{E9B74EB8-3F2A-4CD8-9EE3-2DD1C0D49CC2}.UNICODE_DebugSL|Any CPU.ActiveCfg = UNICODE_Release|Win32
		{E9B74EB8-3F2A-4CD8-9EE3-2DD1C0D49CC2}.UNICODE_DebugSL|Any CPU.Build.0 = UNICODE_Release|Win32
		{E9B74EB8-3F2A-4CD8-9EE3-2DD1C0D49CC2}.UNICODE_DebugSL|Win32.ActiveCfg = UNICODE_Debug|Win32
		{E9B74EB8-3F2A-4CD8-9EE3-2DD1C0D49CC2}.UNICODE_DebugSL|Win32.Build.0 = UNICODE_Debug|Win32
		{E9B74EB8-3F2A-4CD8-9EE3-2DD1C0D49CC2}.UNICODE_Release|Any CPU.ActiveCfg = UNICODE_Release|Win32
		{E9B74EB8-3F2A-4CD8-9EE3-2DD1C0D49CC2}.UNICODE_Release|Win32.ActiveCfg = UNICODE_Release|Win32
		{E9B74EB8-3F2A-4CD8-9EE3-2DD1C0D49CC2}.UNICODE_Release|Win32.Build.0 = UNICODE_Release|Win32
		{E9B74EB8-3F2A-4CD8-9EE3-2DD1C0D49CC2}.UNICODE_Release2|Any CPU.ActiveCfg = UNICODE_Release|Win32
		{E9B74EB8-3F2A-4CD8-9EE3-2DD1C0D49CC2}.UNICODE_Release2|Any CPU.Build.0 = UNICODE_Release|Win32
		{E9B74EB8-3F2A-4CD8-9EE3-2DD1C0D49CC2}.UNICODE_Release2|Win32.ActiveCfg = UNICODE_Release|Win32
		{E9B74EB8-3F2A-4CD8-9EE3-2DD1C0D49CC2}.UNICODE_Release2|Win32.Build.0 = UNICODE_Release|Win32
		{E9B74EB8-3F2A-4CD8-9EE3-2DD1C0D49CC2}.UNICODE_ReleaseSL|Any CPU.ActiveCfg = UNICODE_Release|Win32
		{E9B74EB8-3F2A-4CD8-9EE3-2DD1C0D49CC2}.UNICODE_ReleaseSL|Any CPU.Build.0 = UNICODE_Release|Win32
		{E9B74EB8-3F2A-4CD8-9EE3-2DD1C0D49CC2}.UNICODE_ReleaseSL|Win32.ActiveCfg = UNICODE_Release|Win32
		{E9B74EB8-3F2A-4CD8-9EE3-2DD1C0D49CC2}.UNICODE_ReleaseSL|Win32.Build.0 = UNICODE_Release|Win32
		{E9B74EB8-3F2A-4CD8-9EE3-2DD1C0D49CC2}.UNIODE_Release|Any CPU.ActiveCfg = UNICODE_Release|Win32
		{E9B74EB8-3F2A-4CD8-9EE3-2DD1C0D49CC2}.UNIODE_Release|Any CPU.Build.0 = UNICODE_Release|Win32
		{E9B74EB8-3F2A-4CD8-9EE3-2DD1C0D49CC2}.UNIODE_Release|Win32.ActiveCfg = Release|Win32
		{E9B74EB8-3F2A-4CD8-9EE3-2DD1C0D49CC2}.UNIODE_Release|Win32.Build.0 = Release|Win32
		{EAF01B52-4AAA-4590-ADA3-85A10F817A4A}.Debug|Any CPU.ActiveCfg = U_Release|Win32
		{EAF01B52-4AAA-4590-ADA3-85A10F817A4A}.Debug|Any CPU.Build.0 = U_Release|Win32
		{EAF01B52-4AAA-4590-ADA3-85A10F817A4A}.Debug|Win32.ActiveCfg = U_Debug|Win32
		{EAF01B52-4AAA-4590-ADA3-85A10F817A4A}.Debug|Win32.Build.0 = U_Debug|Win32
		{EAF01B52-4AAA-4590-ADA3-85A10F817A4A}.DebugSL|Any CPU.ActiveCfg = U_Release|Win32
		{EAF01B52-4AAA-4590-ADA3-85A10F817A4A}.DebugSL|Any CPU.Build.0 = U_Release|Win32
		{EAF01B52-4AAA-4590-ADA3-85A10F817A4A}.DebugSL|Win32.ActiveCfg = U_Debug|Win32
		{EAF01B52-4AAA-4590-ADA3-85A10F817A4A}.DebugSL|Win32.Build.0 = U_Debug|Win32
		{EAF01B52-4AAA-4590-ADA3-85A10F817A4A}.Release|Any CPU.ActiveCfg = U_Release|Win32
		{EAF01B52-4AAA-4590-ADA3-85A10F817A4A}.Release|Any CPU.Build.0 = U_Release|Win32
		{EAF01B52-4AAA-4590-ADA3-85A10F817A4A}.Release|Win32.ActiveCfg = U_Release|Win32
		{EAF01B52-4AAA-4590-ADA3-85A10F817A4A}.Release|Win32.Build.0 = U_Release|Win32
		{EAF01B52-4AAA-4590-ADA3-85A10F817A4A}.Release2|Any CPU.ActiveCfg = U_Release|Win32
		{EAF01B52-4AAA-4590-ADA3-85A10F817A4A}.Release2|Any CPU.Build.0 = U_Release|Win32
		{EAF01B52-4AAA-4590-ADA3-85A10F817A4A}.Release2|Win32.ActiveCfg = U_Debug|Win32
		{EAF01B52-4AAA-4590-ADA3-85A10F817A4A}.Release2|Win32.Build.0 = U_Debug|Win32
		{EAF01B52-4AAA-4590-ADA3-85A10F817A4A}.ReleaseSL|Any CPU.ActiveCfg = U_Release|Win32
		{EAF01B52-4AAA-4590-ADA3-85A10F817A4A}.ReleaseSL|Any CPU.Build.0 = U_Release|Win32
		{EAF01B52-4AAA-4590-ADA3-85A10F817A4A}.ReleaseSL|Win32.ActiveCfg = U_Debug|Win32
		{EAF01B52-4AAA-4590-ADA3-85A10F817A4A}.ReleaseSL|Win32.Build.0 = U_Debug|Win32
		{EAF01B52-4AAA-4590-ADA3-85A10F817A4A}.U_Debug|Any CPU.ActiveCfg = U_Debug|Win32
		{EAF01B52-4AAA-4590-ADA3-85A10F817A4A}.U_Debug|Win32.ActiveCfg = U_Debug|Win32
		{EAF01B52-4AAA-4590-ADA3-85A10F817A4A}.U_Debug|Win32.Build.0 = U_Debug|Win32
		{EAF01B52-4AAA-4590-ADA3-85A10F817A4A}.U_Release|Any CPU.ActiveCfg = U_Release|Win32
		{EAF01B52-4AAA-4590-ADA3-85A10F817A4A}.U_Release|Win32.ActiveCfg = U_Release|Win32
		{EAF01B52-4AAA-4590-ADA3-85A10F817A4A}.U_Release|Win32.Build.0 = U_Release|Win32
		{EAF01B52-4AAA-4590-ADA3-85A10F817A4A}.UNICODE_Debug|Any CPU.ActiveCfg = U_Release|Win32
		{EAF01B52-4AAA-4590-ADA3-85A10F817A4A}.UNICODE_Debug|Any CPU.Build.0 = U_Release|Win32
		{EAF01B52-4AAA-4590-ADA3-85A10F817A4A}.UNICODE_Debug|Win32.ActiveCfg = U_Debug|Win32
		{EAF01B52-4AAA-4590-ADA3-85A10F817A4A}.UNICODE_Debug|Win32.Build.0 = U_Debug|Win32
		{EAF01B52-4AAA-4590-ADA3-85A10F817A4A}.UNICODE_DebugSL|Any CPU.ActiveCfg = U_Release|Win32
		{EAF01B52-4AAA-4590-ADA3-85A10F817A4A}.UNICODE_DebugSL|Any CPU.Build.0 = U_Release|Win32
		{EAF01B52-4AAA-4590-ADA3-85A10F817A4A}.UNICODE_DebugSL|Win32.ActiveCfg = U_Debug|Win32
		{EAF01B52-4AAA-4590-ADA3-85A10F817A4A}.UNICODE_DebugSL|Win32.Build.0 = U_Debug|Win32
		{EAF01B52-4AAA-4590-ADA3-85A10F817A4A}.UNICODE_Release|Any CPU.ActiveCfg = U_Release|Win32
		{EAF01B52-4AAA-4590-ADA3-85A10F817A4A}.UNICODE_Release|Any CPU.Build.0 = U_Release|Win32
		{EAF01B52-4AAA-4590-ADA3-85A10F817A4A}.UNICODE_Release|Win32.ActiveCfg = U_Debug|Win32
		{EAF01B52-4AAA-4590-ADA3-85A10F817A4A}.UNICODE_Release|Win32.Build.0 = U_Debug|Win32
		{EAF01B52-4AAA-4590-ADA3-85A10F817A4A}.UNICODE_Release2|Any CPU.ActiveCfg = U_Release|Win32
		{EAF01B52-4AAA-4590-ADA3-85A10F817A4A}.UNICODE_Release2|Any CPU.Build.0 = U_Release|Win32
		{EAF01B52-4AAA-4590-ADA3-85A10F817A4A}.UNICODE_Release2|Win32.ActiveCfg = U_Debug|Win32
		{EAF01B52-4AAA-4590-ADA3-85A10F817A4A}.UNICODE_Release2|Win32.Build.0 = U_Debug|Win32
		{EAF01B52-4AAA-4590-ADA3-85A10F817A4A}.UNICODE_ReleaseSL|Any CPU.ActiveCfg = U_Release|Win32
		{EAF01B52-4AAA-4590-ADA3-85A10F817A4A}.UNICODE_ReleaseSL|Any CPU.Build.0 = U_Release|Win32
		{EAF01B52-4AAA-4590-ADA3-85A10F817A4A}.UNICODE_ReleaseSL|Win32.ActiveCfg = U_Debug|Win32
		{EAF01B52-4AAA-4590-ADA3-85A10F817A4A}.UNICODE_ReleaseSL|Win32.Build.0 = U_Debug|Win32
		{EAF01B52-4AAA-4590-ADA3-85A10F817A4A}.UNIODE_Release|Any CPU.ActiveCfg = U_Release|Win32
		{EAF01B52-4AAA-4590-ADA3-85A10F817A4A}.UNIODE_Release|Any CPU.Build.0 = U_Release|Win32
		{EAF01B52-4AAA-4590-ADA3-85A10F817A4A}.UNIODE_Release|Win32.ActiveCfg = U_Release|Win32
		{EAF01B52-4AAA-4590-ADA3-85A10F817A4A}.UNIODE_Release|Win32.Build.0 = U_Release|Win32
		{F7390303-12C1-46E9-83A7-CCA55A8073AC}.Debug|Any CPU.ActiveCfg = UNICODE_Release|Win32
		{F7390303-12C1-46E9-83A7-CCA55A8073AC}.Debug|Any CPU.Build.0 = UNICODE_Release|Win32
		{F7390303-12C1-46E9-83A7-CCA55A8073AC}.Debug|Win32.ActiveCfg = UNICODE_Debug|Win32
		{F7390303-12C1-46E9-83A7-CCA55A8073AC}.Debug|Win32.Build.0 = UNICODE_Debug|Win32
		{F7390303-12C1-46E9-83A7-CCA55A8073AC}.DebugSL|Any CPU.ActiveCfg = UNICODE_Release|Win32
		{F7390303-12C1-46E9-83A7-CCA55A8073AC}.DebugSL|Any CPU.Build.0 = UNICODE_Release|Win32
		{F7390303-12C1-46E9-83A7-CCA55A8073AC}.DebugSL|Win32.ActiveCfg = UNICODE_Release|Win32
		{F7390303-12C1-46E9-83A7-CCA55A8073AC}.DebugSL|Win32.Build.0 = UNICODE_Release|Win32
		{F7390303-12C1-46E9-83A7-CCA55A8073AC}.Release|Any CPU.ActiveCfg = UNICODE_Release|Win32
		{F7390303-12C1-46E9-83A7-CCA55A8073AC}.Release|Any CPU.Build.0 = UNICODE_Release|Win32
		{F7390303-12C1-46E9-83A7-CCA55A8073AC}.Release|Win32.ActiveCfg = UNICODE_Release|Win32
		{F7390303-12C1-46E9-83A7-CCA55A8073AC}.Release|Win32.Build.0 = UNICODE_Release|Win32
		{F7390303-12C1-46E9-83A7-CCA55A8073AC}.Release2|Any CPU.ActiveCfg = UNICODE_Release|Win32
		{F7390303-12C1-46E9-83A7-CCA55A8073AC}.Release2|Any CPU.Build.0 = UNICODE_Release|Win32
		{F7390303-12C1-46E9-83A7-CCA55A8073AC}.Release2|Win32.ActiveCfg = UNICODE_Release|Win32
		{F7390303-12C1-46E9-83A7-CCA55A8073AC}.Release2|Win32.Build.0 = UNICODE_Release|Win32
		{F7390303-12C1-46E9-83A7-CCA55A8073AC}.ReleaseSL|Any CPU.ActiveCfg = UNICODE_Release|Win32
		{F7390303-12C1-46E9-83A7-CCA55A8073AC}.ReleaseSL|Any CPU.Build.0 = UNICODE_Release|Win32
		{F7390303-12C1-46E9-83A7-CCA55A8073AC}.ReleaseSL|Win32.ActiveCfg = UNICODE_Release|Win32
		{F7390303-12C1-46E9-83A7-CCA55A8073AC}.ReleaseSL|Win32.Build.0 = UNICODE_Release|Win32
		{F7390303-12C1-46E9-83A7-CCA55A8073AC}.U_Debug|Any CPU.ActiveCfg = UNICODE_Release|Win32
		{F7390303-12C1-46E9-83A7-CCA55A8073AC}.U_Debug|Any CPU.Build.0 = UNICODE_Release|Win32
		{F7390303-12C1-46E9-83A7-CCA55A8073AC}.U_Debug|Win32.ActiveCfg = UNICODE_Release|Win32
		{F7390303-12C1-46E9-83A7-CCA55A8073AC}.U_Debug|Win32.Build.0 = UNICODE_Release|Win32
		{F7390303-12C1-46E9-83A7-CCA55A8073AC}.U_Release|Any CPU.ActiveCfg = UNICODE_Release|Win32
		{F7390303-12C1-46E9-83A7-CCA55A8073AC}.U_Release|Any CPU.Build.0 = UNICODE_Release|Win32
		{F7390303-12C1-46E9-83A7-CCA55A8073AC}.U_Release|Win32.ActiveCfg = UNICODE_Release|Win32
		{F7390303-12C1-46E9-83A7-CCA55A8073AC}.U_Release|Win32.Build.0 = UNICODE_Release|Win32
		{F7390303-12C1-46E9-83A7-CCA55A8073AC}.UNICODE_Debug|Any CPU.ActiveCfg = UNICODE_Debug|Win32
		{F7390303-12C1-46E9-83A7-CCA55A8073AC}.UNICODE_Debug|Win32.ActiveCfg = UNICODE_Debug|Win32
		{F7390303-12C1-46E9-83A7-CCA55A8073AC}.UNICODE_Debug|Win32.Build.0 = UNICODE_Debug|Win32
		{F7390303-12C1-46E9-83A7-CCA55A8073AC}.UNICODE_DebugSL|Any CPU.ActiveCfg = UNICODE_Release|Win32
		{F7390303-12C1-46E9-83A7-CCA55A8073AC}.UNICODE_DebugSL|Any CPU.Build.0 = UNICODE_Release|Win32
		{F7390303-12C1-46E9-83A7-CCA55A8073AC}.UNICODE_DebugSL|Win32.ActiveCfg = UNICODE_Debug|Win32
		{F7390303-12C1-46E9-83A7-CCA55A8073AC}.UNICODE_DebugSL|Win32.Build.0 = UNICODE_Debug|Win32
		{F7390303-12C1-46E9-83A7-CCA55A8073AC}.UNICODE_Release|Any CPU.ActiveCfg = UNICODE_Release|Win32
		{F7390303-12C1-46E9-83A7-CCA55A8073AC}.UNICODE_Release|Win32.ActiveCfg = UNICODE_Release|Win32
		{F7390303-12C1-46E9-83A7-CCA55A8073AC}.UNICODE_Release|Win32.Build.0 = UNICODE_Release|Win32
		{F7390303-12C1-46E9-83A7-CCA55A8073AC}.UNICODE_Release2|Any CPU.ActiveCfg = UNICODE_Release|Win32
		{F7390303-12C1-46E9-83A7-CCA55A8073AC}.UNICODE_Release2|Any CPU.Build.0 = UNICODE_Release|Win32
		{F7390303-12C1-46E9-83A7-CCA55A8073AC}.UNICODE_Release2|Win32.ActiveCfg = UNICODE_Release|Win32
		{F7390303-12C1-46E9-83A7-CCA55A8073AC}.UNICODE_Release2|Win32.Build.0 = UNICODE_Release|Win32
		{F7390303-12C1-46E9-83A7-CCA55A8073AC}.UNICODE_ReleaseSL|Any CPU.ActiveCfg = UNICODE_Release|Win32
		{F7390303-12C1-46E9-83A7-CCA55A8073AC}.UNICODE_ReleaseSL|Any CPU.Build.0 = UNICODE_Release|Win32
		{F7390303-12C1-46E9-83A7-CCA55A8073AC}.UNICODE_ReleaseSL|Win32.ActiveCfg = UNICODE_Release|Win32
		{F7390303-12C1-46E9-83A7-CCA55A8073AC}.UNICODE_ReleaseSL|Win32.Build.0 = UNICODE_Release|Win32
		{F7390303-12C1-46E9-83A7-CCA55A8073AC}.UNIODE_Release|Any CPU.ActiveCfg = UNICODE_Release|Win32
		{F7390303-12C1-46E9-83A7-CCA55A8073AC}.UNIODE_Release|Any CPU.Build.0 = UNICODE_Release|Win32
		{F7390303-12C1-46E9-83A7-CCA55A8073AC}.UNIODE_Release|Win32.ActiveCfg = UNICODE_Release|Win32
		{F7390303-12C1-46E9-83A7-CCA55A8073AC}.UNIODE_Release|Win32.Build.0 = UNICODE_Release|Win32
		{65B3D4CE-E8F4-4A38-9558-3246EBA94967}.Debug|Any CPU.ActiveCfg = UNICODE_Release|Win32
		{65B3D4CE-E8F4-4A38-9558-3246EBA94967}.Debug|Any CPU.Build.0 = UNICODE_Release|Win32
		{65B3D4CE-E8F4-4A38-9558-3246EBA94967}.Debug|Win32.ActiveCfg = UNICODE_Debug|Win32
		{65B3D4CE-E8F4-4A38-9558-3246EBA94967}.Debug|Win32.Build.0 = UNICODE_Debug|Win32
		{65B3D4CE-E8F4-4A38-9558-3246EBA94967}.DebugSL|Any CPU.ActiveCfg = UNICODE_Release|Win32
		{65B3D4CE-E8F4-4A38-9558-3246EBA94967}.DebugSL|Any CPU.Build.0 = UNICODE_Release|Win32
		{65B3D4CE-E8F4-4A38-9558-3246EBA94967}.DebugSL|Win32.ActiveCfg = UNICODE_Release|Win32
		{65B3D4CE-E8F4-4A38-9558-3246EBA94967}.DebugSL|Win32.Build.0 = UNICODE_Release|Win32
		{65B3D4CE-E8F4-4A38-9558-3246EBA94967}.Release|Any CPU.ActiveCfg = UNICODE_Release|Win32
		{65B3D4CE-E8F4-4A38-9558-3246EBA94967}.Release|Any CPU.Build.0 = UNICODE_Release|Win32
		{65B3D4CE-E8F4-4A38-9558-3246EBA94967}.Release|Win32.ActiveCfg = UNICODE_Release|Win32
		{65B3D4CE-E8F4-4A38-9558-3246EBA94967}.Release|Win32.Build.0 = UNICODE_Release|Win32
		{65B3D4CE-E8F4-4A38-9558-3246EBA94967}.Release2|Any CPU.ActiveCfg = UNICODE_Release|Win32
		{65B3D4CE-E8F4-4A38-9558-3246EBA94967}.Release2|Any CPU.Build.0 = UNICODE_Release|Win32
		{65B3D4CE-E8F4-4A38-9558-3246EBA94967}.Release2|Win32.ActiveCfg = UNICODE_Release|Win32
		{65B3D4CE-E8F4-4A38-9558-3246EBA94967}.Release2|Win32.Build.0 = UNICODE_Release|Win32
		{65B3D4CE-E8F4-4A38-9558-3246EBA94967}.ReleaseSL|Any CPU.ActiveCfg = UNICODE_Release|Win32
		{65B3D4CE-E8F4-4A38-9558-3246EBA94967}.ReleaseSL|Any CPU.Build.0 = UNICODE_Release|Win32
		{65B3D4CE-E8F4-4A38-9558-3246EBA94967}.ReleaseSL|Win32.ActiveCfg = UNICODE_Release|Win32
		{65B3D4CE-E8F4-4A38-9558-3246EBA94967}.ReleaseSL|Win32.Build.0 = UNICODE_Release|Win32
		{65B3D4CE-E8F4-4A38-9558-3246EBA94967}.U_Debug|Any CPU.ActiveCfg = UNICODE_Release|Win32
		{65B3D4CE-E8F4-4A38-9558-3246EBA94967}.U_Debug|Any CPU.Build.0 = UNICODE_Release|Win32
		{65B3D4CE-E8F4-4A38-9558-3246EBA94967}.U_Debug|Win32.ActiveCfg = UNICODE_Release|Win32
		{65B3D4CE-E8F4-4A38-9558-3246EBA94967}.U_Debug|Win32.Build.0 = UNICODE_Release|Win32
		{65B3D4CE-E8F4-4A38-9558-3246EBA94967}.U_Release|Any CPU.ActiveCfg = UNICODE_Release|Win32
		{65B3D4CE-E8F4-4A38-9558-3246EBA94967}.U_Release|Any CPU.Build.0 = UNICODE_Release|Win32
		{65B3D4CE-E8F4-4A38-9558-3246EBA94967}.U_Release|Win32.ActiveCfg = UNICODE_Release|Win32
		{65B3D4CE-E8F4-4A38-9558-3246EBA94967}.U_Release|Win32.Build.0 = UNICODE_Release|Win32
		{65B3D4CE-E8F4-4A38-9558-3246EBA94967}.UNICODE_Debug|Any CPU.ActiveCfg = UNICODE_Debug|Win32
		{65B3D4CE-E8F4-4A38-9558-3246EBA94967}.UNICODE_Debug|Win32.ActiveCfg = UNICODE_Debug|Win32
		{65B3D4CE-E8F4-4A38-9558-3246EBA94967}.UNICODE_Debug|Win32.Build.0 = UNICODE_Debug|Win32
		{65B3D4CE-E8F4-4A38-9558-3246EBA94967}.UNICODE_DebugSL|Any CPU.ActiveCfg = UNICODE_Release|Win32
		{65B3D4CE-E8F4-4A38-9558-3246EBA94967}.UNICODE_DebugSL|Any CPU.Build.0 = UNICODE_Release|Win32
		{65B3D4CE-E8F4-4A38-9558-3246EBA94967}.UNICODE_DebugSL|Win32.ActiveCfg = UNICODE_Debug|Win32
		{65B3D4CE-E8F4-4A38-9558-3246EBA94967}.UNICODE_DebugSL|Win32.Build.0 = UNICODE_Debug|Win32
		{65B3D4CE-E8F4-4A38-9558-3246EBA94967}.UNICODE_Release|Any CPU.ActiveCfg = UNICODE_Release|Win32
		{65B3D4CE-E8F4-4A38-9558-3246EBA94967}.UNICODE_Release|Win32.ActiveCfg = UNICODE_Release|Win32
		{65B3D4CE-E8F4-4A38-9558-3246EBA94967}.UNICODE_Release|Win32.Build.0 = UNICODE_Release|Win32
		{65B3D4CE-E8F4-4A38-9558-3246EBA94967}.UNICODE_Release2|Any CPU.ActiveCfg = UNICODE_Release|Win32
		{65B3D4CE-E8F4-4A38-9558-3246EBA94967}.UNICODE_Release2|Any CPU.Build.0 = UNICODE_Release|Win32
		{65B3D4CE-E8F4-4A38-9558-3246EBA94967}.UNICODE_Release2|Win32.ActiveCfg = UNICODE_Release|Win32
		{65B3D4CE-E8F4-4A38-9558-3246EBA94967}.UNICODE_Release2|Win32.Build.0 = UNICODE_Release|Win32
		{65B3D4CE-E8F4-4A38-9558-3246EBA94967}.UNICODE_ReleaseSL|Any CPU.ActiveCfg = UNICODE_Release|Win32
		{65B3D4CE-E8F4-4A38-9558-3246EBA94967}.UNICODE_ReleaseSL|Any CPU.Build.0 = UNICODE_Release|Win32
		{65B3D4CE-E8F4-4A38-9558-3246EBA94967}.UNICODE_ReleaseSL|Win32.ActiveCfg = UNICODE_Release|Win32
		{65B3D4CE-E8F4-4A38-9558-3246EBA94967}.UNICODE_ReleaseSL|Win32.Build.0 = UNICODE_Release|Win32
		{65B3D4CE-E8F4-4A38-9558-3246EBA94967}.UNIODE_Release|Any CPU.ActiveCfg = UNICODE_Release|Win32
		{65B3D4CE-E8F4-4A38-9558-3246EBA94967}.UNIODE_Release|Any CPU.Build.0 = UNICODE_Release|Win32
		{65B3D4CE-E8F4-4A38-9558-3246EBA94967}.UNIODE_Release|Win32.ActiveCfg = UNICODE_Release|Win32
		{65B3D4CE-E8F4-4A38-9558-3246EBA94967}.UNIODE_Release|Win32.Build.0 = UNICODE_Release|Win32
		{6491F80A-ADA5-408B-BFA1-7BC133E8E7C7}.Debug|Any CPU.ActiveCfg = UNICODE_Release|Win32
		{6491F80A-ADA5-408B-BFA1-7BC133E8E7C7}.Debug|Any CPU.Build.0 = UNICODE_Release|Win32
		{6491F80A-ADA5-408B-BFA1-7BC133E8E7C7}.Debug|Win32.ActiveCfg = UNICODE_Debug|Win32
		{6491F80A-ADA5-408B-BFA1-7BC133E8E7C7}.Debug|Win32.Build.0 = UNICODE_Debug|Win32
		{6491F80A-ADA5-408B-BFA1-7BC133E8E7C7}.DebugSL|Any CPU.ActiveCfg = UNICODE_Release|Win32
		{6491F80A-ADA5-408B-BFA1-7BC133E8E7C7}.DebugSL|Any CPU.Build.0 = UNICODE_Release|Win32
		{6491F80A-ADA5-408B-BFA1-7BC133E8E7C7}.DebugSL|Win32.ActiveCfg = UNICODE_Release|Win32
		{6491F80A-ADA5-408B-BFA1-7BC133E8E7C7}.DebugSL|Win32.Build.0 = UNICODE_Release|Win32
		{6491F80A-ADA5-408B-BFA1-7BC133E8E7C7}.Release|Any CPU.ActiveCfg = UNICODE_Release|Win32
		{6491F80A-ADA5-408B-BFA1-7BC133E8E7C7}.Release|Any CPU.Build.0 = UNICODE_Release|Win32
		{6491F80A-ADA5-408B-BFA1-7BC133E8E7C7}.Release|Win32.ActiveCfg = UNICODE_Release|Win32
		{6491F80A-ADA5-408B-BFA1-7BC133E8E7C7}.Release|Win32.Build.0 = UNICODE_Release|Win32
		{6491F80A-ADA5-408B-BFA1-7BC133E8E7C7}.Release2|Any CPU.ActiveCfg = UNICODE_Release|Win32
		{6491F80A-ADA5-408B-BFA1-7BC133E8E7C7}.Release2|Any CPU.Build.0 = UNICODE_Release|Win32
		{6491F80A-ADA5-408B-BFA1-7BC133E8E7C7}.Release2|Win32.ActiveCfg = UNICODE_Release|Win32
		{6491F80A-ADA5-408B-BFA1-7BC133E8E7C7}.Release2|Win32.Build.0 = UNICODE_Release|Win32
		{6491F80A-ADA5-408B-BFA1-7BC133E8E7C7}.ReleaseSL|Any CPU.ActiveCfg = UNICODE_Release|Win32
		{6491F80A-ADA5-408B-BFA1-7BC133E8E7C7}.ReleaseSL|Any CPU.Build.0 = UNICODE_Release|Win32
		{6491F80A-ADA5-408B-BFA1-7BC133E8E7C7}.ReleaseSL|Win32.ActiveCfg = UNICODE_Release|Win32
		{6491F80A-ADA5-408B-BFA1-7BC133E8E7C7}.ReleaseSL|Win32.Build.0 = UNICODE_Release|Win32
		{6491F80A-ADA5-408B-BFA1-7BC133E8E7C7}.U_Debug|Any CPU.ActiveCfg = UNICODE_Release|Win32
		{6491F80A-ADA5-408B-BFA1-7BC133E8E7C7}.U_Debug|Any CPU.Build.0 = UNICODE_Release|Win32
		{6491F80A-ADA5-408B-BFA1-7BC133E8E7C7}.U_Debug|Win32.ActiveCfg = UNICODE_Release|Win32
		{6491F80A-ADA5-408B-BFA1-7BC133E8E7C7}.U_Debug|Win32.Build.0 = UNICODE_Release|Win32
		{6491F80A-ADA5-408B-BFA1-7BC133E8E7C7}.U_Release|Any CPU.ActiveCfg = UNICODE_Release|Win32
		{6491F80A-ADA5-408B-BFA1-7BC133E8E7C7}.U_Release|Any CPU.Build.0 = UNICODE_Release|Win32
		{6491F80A-ADA5-408B-BFA1-7BC133E8E7C7}.U_Release|Win32.ActiveCfg = UNICODE_Release|Win32
		{6491F80A-ADA5-408B-BFA1-7BC133E8E7C7}.U_Release|Win32.Build.0 = UNICODE_Release|Win32
		{6491F80A-ADA5-408B-BFA1-7BC133E8E7C7}.UNICODE_Debug|Any CPU.ActiveCfg = UNICODE_Debug|Win32
		{6491F80A-ADA5-408B-BFA1-7BC133E8E7C7}.UNICODE_Debug|Win32.ActiveCfg = UNICODE_Debug|Win32
		{6491F80A-ADA5-408B-BFA1-7BC133E8E7C7}.UNICODE_Debug|Win32.Build.0 = UNICODE_Debug|Win32
		{6491F80A-ADA5-408B-BFA1-7BC133E8E7C7}.UNICODE_DebugSL|Any CPU.ActiveCfg = UNICODE_Release|Win32
		{6491F80A-ADA5-408B-BFA1-7BC133E8E7C7}.UNICODE_DebugSL|Any CPU.Build.0 = UNICODE_Release|Win32
		{6491F80A-ADA5-408B-BFA1-7BC133E8E7C7}.UNICODE_DebugSL|Win32.ActiveCfg = UNICODE_Debug|Win32
		{6491F80A-ADA5-408B-BFA1-7BC133E8E7C7}.UNICODE_DebugSL|Win32.Build.0 = UNICODE_Debug|Win32
		{6491F80A-ADA5-408B-BFA1-7BC133E8E7C7}.UNICODE_Release|Any CPU.ActiveCfg = UNICODE_Release|Win32
		{6491F80A-ADA5-408B-BFA1-7BC133E8E7C7}.UNICODE_Release|Win32.ActiveCfg = UNICODE_Release|Win32
		{6491F80A-ADA5-408B-BFA1-7BC133E8E7C7}.UNICODE_Release|Win32.Build.0 = UNICODE_Release|Win32
		{6491F80A-ADA5-408B-BFA1-7BC133E8E7C7}.UNICODE_Release2|Any CPU.ActiveCfg = UNICODE_Release|Win32
		{6491F80A-ADA5-408B-BFA1-7BC133E8E7C7}.UNICODE_Release2|Any CPU.Build.0 = UNICODE_Release|Win32
		{6491F80A-ADA5-408B-BFA1-7BC133E8E7C7}.UNICODE_Release2|Win32.ActiveCfg = UNICODE_Release|Win32
		{6491F80A-ADA5-408B-BFA1-7BC133E8E7C7}.UNICODE_Release2|Win32.Build.0 = UNICODE_Release|Win32
		{6491F80A-ADA5-408B-BFA1-7BC133E8E7C7}.UNICODE_ReleaseSL|Any CPU.ActiveCfg = UNICODE_Release|Win32
		{6491F80A-ADA5-408B-BFA1-7BC133E8E7C7}.UNICODE_ReleaseSL|Any CPU.Build.0 = UNICODE_Release|Win32
		{6491F80A-ADA5-408B-BFA1-7BC133E8E7C7}.UNICODE_ReleaseSL|Win32.ActiveCfg = UNICODE_Release|Win32
		{6491F80A-ADA5-408B-BFA1-7BC133E8E7C7}.UNICODE_ReleaseSL|Win32.Build.0 = UNICODE_Release|Win32
		{6491F80A-ADA5-408B-BFA1-7BC133E8E7C7}.UNIODE_Release|Any CPU.ActiveCfg = UNICODE_Release|Win32
		{6491F80A-ADA5-408B-BFA1-7BC133E8E7C7}.UNIODE_Release|Any CPU.Build.0 = UNICODE_Release|Win32
		{6491F80A-ADA5-408B-BFA1-7BC133E8E7C7}.UNIODE_Release|Win32.ActiveCfg = UNICODE_Release|Win32
		{6491F80A-ADA5-408B-BFA1-7BC133E8E7C7}.UNIODE_Release|Win32.Build.0 = UNICODE_Release|Win32
		{D4DA95B0-822E-461A-9D9E-87E4C2D0C78B}.Debug|Any CPU.ActiveCfg = UNICODE_Release|Win32
		{D4DA95B0-822E-461A-9D9E-87E4C2D0C78B}.Debug|Any CPU.Build.0 = UNICODE_Release|Win32
		{D4DA95B0-822E-461A-9D9E-87E4C2D0C78B}.Debug|Win32.ActiveCfg = UNICODE_Debug|Win32
		{D4DA95B0-822E-461A-9D9E-87E4C2D0C78B}.Debug|Win32.Build.0 = UNICODE_Debug|Win32
		{D4DA95B0-822E-461A-9D9E-87E4C2D0C78B}.DebugSL|Any CPU.ActiveCfg = UNICODE_Release|Win32
		{D4DA95B0-822E-461A-9D9E-87E4C2D0C78B}.DebugSL|Any CPU.Build.0 = UNICODE_Release|Win32
		{D4DA95B0-822E-461A-9D9E-87E4C2D0C78B}.DebugSL|Win32.ActiveCfg = UNICODE_Release|Win32
		{D4DA95B0-822E-461A-9D9E-87E4C2D0C78B}.DebugSL|Win32.Build.0 = UNICODE_Release|Win32
		{D4DA95B0-822E-461A-9D9E-87E4C2D0C78B}.Release|Any CPU.ActiveCfg = UNICODE_Release|Win32
		{D4DA95B0-822E-461A-9D9E-87E4C2D0C78B}.Release|Any CPU.Build.0 = UNICODE_Release|Win32
		{D4DA95B0-822E-461A-9D9E-87E4C2D0C78B}.Release|Win32.ActiveCfg = UNICODE_Release|Win32
		{D4DA95B0-822E-461A-9D9E-87E4C2D0C78B}.Release|Win32.Build.0 = UNICODE_Release|Win32
		{D4DA95B0-822E-461A-9D9E-87E4C2D0C78B}.Release2|Any CPU.ActiveCfg = UNICODE_Release|Win32
		{D4DA95B0-822E-461A-9D9E-87E4C2D0C78B}.Release2|Any CPU.Build.0 = UNICODE_Release|Win32
		{D4DA95B0-822E-461A-9D9E-87E4C2D0C78B}.Release2|Win32.ActiveCfg = UNICODE_Release|Win32
		{D4DA95B0-822E-461A-9D9E-87E4C2D0C78B}.Release2|Win32.Build.0 = UNICODE_Release|Win32
		{D4DA95B0-822E-461A-9D9E-87E4C2D0C78B}.ReleaseSL|Any CPU.ActiveCfg = UNICODE_Release|Win32
		{D4DA95B0-822E-461A-9D9E-87E4C2D0C78B}.ReleaseSL|Any CPU.Build.0 = UNICODE_Release|Win32
		{D4DA95B0-822E-461A-9D9E-87E4C2D0C78B}.ReleaseSL|Win32.ActiveCfg = UNICODE_Release|Win32
		{D4DA95B0-822E-461A-9D9E-87E4C2D0C78B}.ReleaseSL|Win32.Build.0 = UNICODE_Release|Win32
		{D4DA95B0-822E-461A-9D9E-87E4C2D0C78B}.U_Debug|Any CPU.ActiveCfg = UNICODE_Release|Win32
		{D4DA95B0-822E-461A-9D9E-87E4C2D0C78B}.U_Debug|Any CPU.Build.0 = UNICODE_Release|Win32
		{D4DA95B0-822E-461A-9D9E-87E4C2D0C78B}.U_Debug|Win32.ActiveCfg = UNICODE_Release|Win32
		{D4DA95B0-822E-461A-9D9E-87E4C2D0C78B}.U_Debug|Win32.Build.0 = UNICODE_Release|Win32
		{D4DA95B0-822E-461A-9D9E-87E4C2D0C78B}.U_Release|Any CPU.ActiveCfg = UNICODE_Release|Win32
		{D4DA95B0-822E-461A-9D9E-87E4C2D0C78B}.U_Release|Any CPU.Build.0 = UNICODE_Release|Win32
		{D4DA95B0-822E-461A-9D9E-87E4C2D0C78B}.U_Release|Win32.ActiveCfg = UNICODE_Release|Win32
		{D4DA95B0-822E-461A-9D9E-87E4C2D0C78B}.U_Release|Win32.Build.0 = UNICODE_Release|Win32
		{D4DA95B0-822E-461A-9D9E-87E4C2D0C78B}.UNICODE_Debug|Any CPU.ActiveCfg = UNICODE_Debug|Win32
		{D4DA95B0-822E-461A-9D9E-87E4C2D0C78B}.UNICODE_Debug|Win32.ActiveCfg = UNICODE_Debug|Win32
		{D4DA95B0-822E-461A-9D9E-87E4C2D0C78B}.UNICODE_Debug|Win32.Build.0 = UNICODE_Debug|Win32
		{D4DA95B0-822E-461A-9D9E-87E4C2D0C78B}.UNICODE_DebugSL|Any CPU.ActiveCfg = UNICODE_Release|Win32
		{D4DA95B0-822E-461A-9D9E-87E4C2D0C78B}.UNICODE_DebugSL|Any CPU.Build.0 = UNICODE_Release|Win32
		{D4DA95B0-822E-461A-9D9E-87E4C2D0C78B}.UNICODE_DebugSL|Win32.ActiveCfg = UNICODE_Debug|Win32
		{D4DA95B0-822E-461A-9D9E-87E4C2D0C78B}.UNICODE_DebugSL|Win32.Build.0 = UNICODE_Debug|Win32
		{D4DA95B0-822E-461A-9D9E-87E4C2D0C78B}.UNICODE_Release|Any CPU.ActiveCfg = UNICODE_Release|Win32
		{D4DA95B0-822E-461A-9D9E-87E4C2D0C78B}.UNICODE_Release|Win32.ActiveCfg = UNICODE_Release|Win32
		{D4DA95B0-822E-461A-9D9E-87E4C2D0C78B}.UNICODE_Release|Win32.Build.0 = UNICODE_Release|Win32
		{D4DA95B0-822E-461A-9D9E-87E4C2D0C78B}.UNICODE_Release2|Any CPU.ActiveCfg = UNICODE_Release|Win32
		{D4DA95B0-822E-461A-9D9E-87E4C2D0C78B}.UNICODE_Release2|Any CPU.Build.0 = UNICODE_Release|Win32
		{D4DA95B0-822E-461A-9D9E-87E4C2D0C78B}.UNICODE_Release2|Win32.ActiveCfg = UNICODE_Release|Win32
		{D4DA95B0-822E-461A-9D9E-87E4C2D0C78B}.UNICODE_Release2|Win32.Build.0 = UNICODE_Release|Win32
		{D4DA95B0-822E-461A-9D9E-87E4C2D0C78B}.UNICODE_ReleaseSL|Any CPU.ActiveCfg = UNICODE_Release|Win32
		{D4DA95B0-822E-461A-9D9E-87E4C2D0C78B}.UNICODE_ReleaseSL|Any CPU.Build.0 = UNICODE_Release|Win32
		{D4DA95B0-822E-461A-9D9E-87E4C2D0C78B}.UNICODE_ReleaseSL|Win32.ActiveCfg = UNICODE_Release|Win32
		{D4DA95B0-822E-461A-9D9E-87E4C2D0C78B}.UNICODE_ReleaseSL|Win32.Build.0 = UNICODE_Release|Win32
		{D4DA95B0-822E-461A-9D9E-87E4C2D0C78B}.UNIODE_Release|Any CPU.ActiveCfg = UNICODE_Release|Win32
		{D4DA95B0-822E-461A-9D9E-87E4C2D0C78B}.UNIODE_Release|Any CPU.Build.0 = UNICODE_Release|Win32
		{D4DA95B0-822E-461A-9D9E-87E4C2D0C78B}.UNIODE_Release|Win32.ActiveCfg = UNICODE_Release|Win32
		{D4DA95B0-822E-461A-9D9E-87E4C2D0C78B}.UNIODE_Release|Win32.Build.0 = UNICODE_Release|Win32
		{1CCBB729-8536-4CD5-BC73-A487BD6F3454}.Debug|Any CPU.ActiveCfg = Debug|Win32
		{1CCBB729-8536-4CD5-BC73-A487BD6F3454}.Debug|Win32.ActiveCfg = Debug|Win32
		{1CCBB729-8536-4CD5-BC73-A487BD6F3454}.Debug|Win32.Build.0 = Debug|Win32
		{1CCBB729-8536-4CD5-BC73-A487BD6F3454}.DebugSL|Any CPU.ActiveCfg = UNICODE_Release|Win32
		{1CCBB729-8536-4CD5-BC73-A487BD6F3454}.DebugSL|Any CPU.Build.0 = UNICODE_Release|Win32
		{1CCBB729-8536-4CD5-BC73-A487BD6F3454}.DebugSL|Win32.ActiveCfg = Debug|Win32
		{1CCBB729-8536-4CD5-BC73-A487BD6F3454}.DebugSL|Win32.Build.0 = Debug|Win32
		{1CCBB729-8536-4CD5-BC73-A487BD6F3454}.Release|Any CPU.ActiveCfg = Release|Win32
		{1CCBB729-8536-4CD5-BC73-A487BD6F3454}.Release|Win32.ActiveCfg = Release|Win32
		{1CCBB729-8536-4CD5-BC73-A487BD6F3454}.Release|Win32.Build.0 = Release|Win32
		{1CCBB729-8536-4CD5-BC73-A487BD6F3454}.Release2|Any CPU.ActiveCfg = UNICODE_Release|Win32
		{1CCBB729-8536-4CD5-BC73-A487BD6F3454}.Release2|Any CPU.Build.0 = UNICODE_Release|Win32
		{1CCBB729-8536-4CD5-BC73-A487BD6F3454}.Release2|Win32.ActiveCfg = Release|Win32
		{1CCBB729-8536-4CD5-BC73-A487BD6F3454}.Release2|Win32.Build.0 = Release|Win32
		{1CCBB729-8536-4CD5-BC73-A487BD6F3454}.ReleaseSL|Any CPU.ActiveCfg = UNICODE_Release|Win32
		{1CCBB729-8536-4CD5-BC73-A487BD6F3454}.ReleaseSL|Any CPU.Build.0 = UNICODE_Release|Win32
		{1CCBB729-8536-4CD5-BC73-A487BD6F3454}.ReleaseSL|Win32.ActiveCfg = Release|Win32
		{1CCBB729-8536-4CD5-BC73-A487BD6F3454}.ReleaseSL|Win32.Build.0 = Release|Win32
		{1CCBB729-8536-4CD5-BC73-A487BD6F3454}.U_Debug|Any CPU.ActiveCfg = UNICODE_Release|Win32
		{1CCBB729-8536-4CD5-BC73-A487BD6F3454}.U_Debug|Any CPU.Build.0 = UNICODE_Release|Win32
		{1CCBB729-8536-4CD5-BC73-A487BD6F3454}.U_Debug|Win32.ActiveCfg = Debug|Win32
		{1CCBB729-8536-4CD5-BC73-A487BD6F3454}.U_Debug|Win32.Build.0 = Debug|Win32
		{1CCBB729-8536-4CD5-BC73-A487BD6F3454}.U_Release|Any CPU.ActiveCfg = UNICODE_Release|Win32
		{1CCBB729-8536-4CD5-BC73-A487BD6F3454}.U_Release|Any CPU.Build.0 = UNICODE_Release|Win32
		{1CCBB729-8536-4CD5-BC73-A487BD6F3454}.U_Release|Win32.ActiveCfg = Release|Win32
		{1CCBB729-8536-4CD5-BC73-A487BD6F3454}.U_Release|Win32.Build.0 = Release|Win32
		{1CCBB729-8536-4CD5-BC73-A487BD6F3454}.UNICODE_Debug|Any CPU.ActiveCfg = UNICODE_Debug|Win32
		{1CCBB729-8536-4CD5-BC73-A487BD6F3454}.UNICODE_Debug|Win32.ActiveCfg = UNICODE_Debug|Win32
		{1CCBB729-8536-4CD5-BC73-A487BD6F3454}.UNICODE_Debug|Win32.Build.0 = UNICODE_Debug|Win32
		{1CCBB729-8536-4CD5-BC73-A487BD6F3454}.UNICODE_DebugSL|Any CPU.ActiveCfg = UNICODE_Release|Win32
		{1CCBB729-8536-4CD5-BC73-A487BD6F3454}.UNICODE_DebugSL|Any CPU.Build.0 = UNICODE_Release|Win32
		{1CCBB729-8536-4CD5-BC73-A487BD6F3454}.UNICODE_DebugSL|Win32.ActiveCfg = UNICODE_Debug|Win32
		{1CCBB729-8536-4CD5-BC73-A487BD6F3454}.UNICODE_DebugSL|Win32.Build.0 = UNICODE_Debug|Win32
		{1CCBB729-8536-4CD5-BC73-A487BD6F3454}.UNICODE_Release|Any CPU.ActiveCfg = UNICODE_Release|Win32
		{1CCBB729-8536-4CD5-BC73-A487BD6F3454}.UNICODE_Release|Win32.ActiveCfg = UNICODE_Release|Win32
		{1CCBB729-8536-4CD5-BC73-A487BD6F3454}.UNICODE_Release|Win32.Build.0 = UNICODE_Release|Win32
		{1CCBB729-8536-4CD5-BC73-A487BD6F3454}.UNICODE_Release2|Any CPU.ActiveCfg = UNICODE_Release|Win32
		{1CCBB729-8536-4CD5-BC73-A487BD6F3454}.UNICODE_Release2|Any CPU.Build.0 = UNICODE_Release|Win32
		{1CCBB729-8536-4CD5-BC73-A487BD6F3454}.UNICODE_Release2|Win32.ActiveCfg = UNICODE_Release|Win32
		{1CCBB729-8536-4CD5-BC73-A487BD6F3454}.UNICODE_Release2|Win32.Build.0 = UNICODE_Release|Win32
		{1CCBB729-8536-4CD5-BC73-A487BD6F3454}.UNICODE_ReleaseSL|Any CPU.ActiveCfg = UNICODE_Release|Win32
		{1CCBB729-8536-4CD5-BC73-A487BD6F3454}.UNICODE_ReleaseSL|Any CPU.Build.0 = UNICODE_Release|Win32
		{1CCBB729-8536-4CD5-BC73-A487BD6F3454}.UNICODE_ReleaseSL|Win32.ActiveCfg = UNICODE_Release|Win32
		{1CCBB729-8536-4CD5-BC73-A487BD6F3454}.UNICODE_ReleaseSL|Win32.Build.0 = UNICODE_Release|Win32
		{1CCBB729-8536-4CD5-BC73-A487BD6F3454}.UNIODE_Release|Any CPU.ActiveCfg = UNICODE_Release|Win32
		{1CCBB729-8536-4CD5-BC73-A487BD6F3454}.UNIODE_Release|Any CPU.Build.0 = UNICODE_Release|Win32
		{1CCBB729-8536-4CD5-BC73-A487BD6F3454}.UNIODE_Release|Win32.ActiveCfg = Release|Win32
		{1CCBB729-8536-4CD5-BC73-A487BD6F3454}.UNIODE_Release|Win32.Build.0 = Release|Win32
		{AB9D85B1-25AF-4919-AE61-BFBF64F4DBFB}.Debug|Any CPU.ActiveCfg = Debug|Win32
		{AB9D85B1-25AF-4919-AE61-BFBF64F4DBFB}.Debug|Win32.ActiveCfg = Debug|Win32
		{AB9D85B1-25AF-4919-AE61-BFBF64F4DBFB}.Debug|Win32.Build.0 = Debug|Win32
		{AB9D85B1-25AF-4919-AE61-BFBF64F4DBFB}.DebugSL|Any CPU.ActiveCfg = UNICODE_Release|Win32
		{AB9D85B1-25AF-4919-AE61-BFBF64F4DBFB}.DebugSL|Any CPU.Build.0 = UNICODE_Release|Win32
		{AB9D85B1-25AF-4919-AE61-BFBF64F4DBFB}.DebugSL|Win32.ActiveCfg = Debug|Win32
		{AB9D85B1-25AF-4919-AE61-BFBF64F4DBFB}.DebugSL|Win32.Build.0 = Debug|Win32
		{AB9D85B1-25AF-4919-AE61-BFBF64F4DBFB}.Release|Any CPU.ActiveCfg = Release|Win32
		{AB9D85B1-25AF-4919-AE61-BFBF64F4DBFB}.Release|Win32.ActiveCfg = Release|Win32
		{AB9D85B1-25AF-4919-AE61-BFBF64F4DBFB}.Release|Win32.Build.0 = Release|Win32
		{AB9D85B1-25AF-4919-AE61-BFBF64F4DBFB}.Release2|Any CPU.ActiveCfg = UNICODE_Release|Win32
		{AB9D85B1-25AF-4919-AE61-BFBF64F4DBFB}.Release2|Any CPU.Build.0 = UNICODE_Release|Win32
		{AB9D85B1-25AF-4919-AE61-BFBF64F4DBFB}.Release2|Win32.ActiveCfg = Release|Win32
		{AB9D85B1-25AF-4919-AE61-BFBF64F4DBFB}.Release2|Win32.Build.0 = Release|Win32
		{AB9D85B1-25AF-4919-AE61-BFBF64F4DBFB}.ReleaseSL|Any CPU.ActiveCfg = UNICODE_Release|Win32
		{AB9D85B1-25AF-4919-AE61-BFBF64F4DBFB}.ReleaseSL|Any CPU.Build.0 = UNICODE_Release|Win32
		{AB9D85B1-25AF-4919-AE61-BFBF64F4DBFB}.ReleaseSL|Win32.ActiveCfg = Release|Win32
		{AB9D85B1-25AF-4919-AE61-BFBF64F4DBFB}.ReleaseSL|Win32.Build.0 = Release|Win32
		{AB9D85B1-25AF-4919-AE61-BFBF64F4DBFB}.U_Debug|Any CPU.ActiveCfg = UNICODE_Release|Win32
		{AB9D85B1-25AF-4919-AE61-BFBF64F4DBFB}.U_Debug|Any CPU.Build.0 = UNICODE_Release|Win32
		{AB9D85B1-25AF-4919-AE61-BFBF64F4DBFB}.U_Debug|Win32.ActiveCfg = Debug|Win32
		{AB9D85B1-25AF-4919-AE61-BFBF64F4DBFB}.U_Debug|Win32.Build.0 = Debug|Win32
		{AB9D85B1-25AF-4919-AE61-BFBF64F4DBFB}.U_Release|Any CPU.ActiveCfg = UNICODE_Release|Win32
		{AB9D85B1-25AF-4919-AE61-BFBF64F4DBFB}.U_Release|Any CPU.Build.0 = UNICODE_Release|Win32
		{AB9D85B1-25AF-4919-AE61-BFBF64F4DBFB}.U_Release|Win32.ActiveCfg = Release|Win32
		{AB9D85B1-25AF-4919-AE61-BFBF64F4DBFB}.U_Release|Win32.Build.0 = Release|Win32
		{AB9D85B1-25AF-4919-AE61-BFBF64F4DBFB}.UNICODE_Debug|Any CPU.ActiveCfg = UNICODE_Debug|Win32
		{AB9D85B1-25AF-4919-AE61-BFBF64F4DBFB}.UNICODE_Debug|Win32.ActiveCfg = UNICODE_Debug|Win32
		{AB9D85B1-25AF-4919-AE61-BFBF64F4DBFB}.UNICODE_Debug|Win32.Build.0 = UNICODE_Debug|Win32
		{AB9D85B1-25AF-4919-AE61-BFBF64F4DBFB}.UNICODE_DebugSL|Any CPU.ActiveCfg = UNICODE_Release|Win32
		{AB9D85B1-25AF-4919-AE61-BFBF64F4DBFB}.UNICODE_DebugSL|Any CPU.Build.0 = UNICODE_Release|Win32
		{AB9D85B1-25AF-4919-AE61-BFBF64F4DBFB}.UNICODE_DebugSL|Win32.ActiveCfg = UNICODE_Debug|Win32
		{AB9D85B1-25AF-4919-AE61-BFBF64F4DBFB}.UNICODE_DebugSL|Win32.Build.0 = UNICODE_Debug|Win32
		{AB9D85B1-25AF-4919-AE61-BFBF64F4DBFB}.UNICODE_Release|Any CPU.ActiveCfg = UNICODE_Release|Win32
		{AB9D85B1-25AF-4919-AE61-BFBF64F4DBFB}.UNICODE_Release|Win32.ActiveCfg = UNICODE_Release|Win32
		{AB9D85B1-25AF-4919-AE61-BFBF64F4DBFB}.UNICODE_Release|Win32.Build.0 = UNICODE_Release|Win32
		{AB9D85B1-25AF-4919-AE61-BFBF64F4DBFB}.UNICODE_Release2|Any CPU.ActiveCfg = UNICODE_Release|Win32
		{AB9D85B1-25AF-4919-AE61-BFBF64F4DBFB}.UNICODE_Release2|Any CPU.Build.0 = UNICODE_Release|Win32
		{AB9D85B1-25AF-4919-AE61-BFBF64F4DBFB}.UNICODE_Release2|Win32.ActiveCfg = UNICODE_Release|Win32
		{AB9D85B1-25AF-4919-AE61-BFBF64F4DBFB}.UNICODE_Release2|Win32.Build.0 = UNICODE_Release|Win32
		{AB9D85B1-25AF-4919-AE61-BFBF64F4DBFB}.UNICODE_ReleaseSL|Any CPU.ActiveCfg = UNICODE_Release|Win32
		{AB9D85B1-25AF-4919-AE61-BFBF64F4DBFB}.UNICODE_ReleaseSL|Any CPU.Build.0 = UNICODE_Release|Win32
		{AB9D85B1-25AF-4919-AE61-BFBF64F4DBFB}.UNICODE_ReleaseSL|Win32.ActiveCfg = UNICODE_Release|Win32
		{AB9D85B1-25AF-4919-AE61-BFBF64F4DBFB}.UNICODE_ReleaseSL|Win32.Build.0 = UNICODE_Release|Win32
		{AB9D85B1-25AF-4919-AE61-BFBF64F4DBFB}.UNIODE_Release|Any CPU.ActiveCfg = UNICODE_Release|Win32
		{AB9D85B1-25AF-4919-AE61-BFBF64F4DBFB}.UNIODE_Release|Any CPU.Build.0 = UNICODE_Release|Win32
		{AB9D85B1-25AF-4919-AE61-BFBF64F4DBFB}.UNIODE_Release|Win32.ActiveCfg = Release|Win32
		{AB9D85B1-25AF-4919-AE61-BFBF64F4DBFB}.UNIODE_Release|Win32.Build.0 = Release|Win32
	EndGlobalSection
	GlobalSection(SolutionProperties) = preSolution
		HideSolutionNode = FALSE
	EndGlobalSection
	GlobalSection(ExtensibilityGlobals) = postSolution
		SolutionGuid = {64A58AC9-E8A6-4127-BFD5-8F7813F23E6F}
	EndGlobalSection
	GlobalSection(Performance) = preSolution
		HasPerformanceSessions = true
	EndGlobalSection
	GlobalSection(Performance) = preSolution
		HasPerformanceSessions = true
	EndGlobalSection
	GlobalSection(Performance) = preSolution
		HasPerformanceSessions = true
	EndGlobalSection
	GlobalSection(Performance) = preSolution
		HasPerformanceSessions = true
	EndGlobalSection
EndGlobal
